# This file is automatically generated from Nix configuration. Do not edit directly.

jobs:
  update:
    name: Update flake.lock
    runs-on: ubuntu-latest
    steps:
      - uses: actions/checkout@v7
      - uses: DeterminateSystems/update-flake-lock@v29
        with:
          pr-labels: dependencies
          pr-title: 'chore: update flake.lock'
name: Update flake.lock
"on":
  schedule:
    - cron: 0 4 * * 1
  workflow_dispatch: {}
permissions:
  contents: write
  pull-requests: write
